
Microsoft Visual Studio Solution File, Format Version 12.00
# Visual Studio Version 16
VisualStudioVersion = 16.0.32106.194
MinimumVisualStudioVersion = 10.0.40219.1
Project("{FAE04EC0-301F-11D3-BF4B-00C04F79EFBC}") = "split_example", "split_example\split_example.csproj", "{76887509-3841-4944-8FB5-6E94C9298401}"
EndProject
Global
	GlobalSection(SolutionConfigurationPlatforms) = preSolution
		Debug|Any CPU = Debug|Any CPU
		Release|Any CPU = Release|Any CPU
	EndGlobalSection
	GlobalSection(ProjectConfigurationPlatforms) = postSolution
		{76887509-3841-4944-8FB5-6E94C9298401}.Debug|Any CPU.ActiveCfg = Debug|Any CPU
		{76887509-3841-4944-8FB5-6E94C9298401}.Debug|Any CPU.Build.0 = Debug|Any CPU
		{76887509-3841-4944-8FB5-6E94C9298401}.Release|Any CPU.ActiveCfg = Release|Any CPU
		{76887509-3841-4944-8FB5-6E94C9298401}.Release|Any CPU.Build.0 = Release|Any CPU
	EndGlobalSection
	GlobalSection(SolutionProperties) = preSolution
		HideSolutionNode = FALSE
	EndGlobalSection
	GlobalSection(ExtensibilityGlobals) = postSolution
		SolutionGuid = {2C8A2DEB-DDEE-4779-9B1C-7E4184FF5FA1}
	EndGlobalSection
EndGlobal
